
Microsoft Visual Studio Solution File, Format Version 12.00
# Visual Studio Version 17
VisualStudioVersion = 17.4.33213.308
MinimumVisualStudioVersion = 10.0.40219.1
Project("{9A19103F-16F7-4668-BE54-9A1E7A4F7556}") = "FirstMVC", "FirstMVC\FirstMVC.csproj", "{B95814D3-B631-4D2A-9102-051E47EA329A}"
EndProject
Global
	GlobalSection(SolutionConfigurationPlatforms) = preSolution
		Debug|Any CPU = Debug|Any CPU
		Release|Any CPU = Release|Any CPU
	EndGlobalSection
	GlobalSection(ProjectConfigurationPlatforms) = postSolution
		{B95814D3-B631-4D2A-9102-051E47EA329A}.Debug|Any CPU.ActiveCfg = Debug|Any CPU
		{B95814D3-B631-4D2A-9102-051E47EA329A}.Debug|Any CPU.Build.0 = Debug|Any CPU
		{B95814D3-B631-4D2A-9102-051E47EA329A}.Release|Any CPU.ActiveCfg = Release|Any CPU
		{B95814D3-B631-4D2A-9102-051E47EA329A}.Release|Any CPU.Build.0 = Release|Any CPU
	EndGlobalSection
	GlobalSection(SolutionProperties) = preSolution
		HideSolutionNode = FALSE
	EndGlobalSection
	GlobalSection(ExtensibilityGlobals) = postSolution
		SolutionGuid = {562CB273-489C-4FAE-B64E-4FEEA75EBE86}
	EndGlobalSection
EndGlobal
